
Microsoft Visual Studio Solution File, Format Version 12.00
# Visual Studio Version 17
VisualStudioVersion = 17.8.34511.84
MinimumVisualStudioVersion = 10.0.40219.1
Project("{8BC9CEB8-8B4A-11D0-8D11-00A0C91BC942}") = "SwapVec", "SwapVec.vcxproj", "{745659BA-6EA4-4B8E-96C5-D02D4A1EA2C3}"
EndProject
Global
	GlobalSection(SolutionConfigurationPlatforms) = preSolution
		Debug|x64 = Debug|x64
		Debug|x86 = Debug|x86
		Release|x64 = Release|x64
		Release|x86 = Release|x86
	EndGlobalSection
	GlobalSection(ProjectConfigurationPlatforms) = postSolution
		{745659BA-6EA4-4B8E-96C5-D02D4A1EA2C3}.Debug|x64.ActiveCfg = Debug|x64
		{745659BA-6EA4-4B8E-96C5-D02D4A1EA2C3}.Debug|x64.Build.0 = Debug|x64
		{745659BA-6EA4-4B8E-96C5-D02D4A1EA2C3}.Debug|x86.ActiveCfg = Debug|Win32
		{745659BA-6EA4-4B8E-96C5-D02D4A1EA2C3}.Debug|x86.Build.0 = Debug|Win32
		{745659BA-6EA4-4B8E-96C5-D02D4A1EA2C3}.Release|x64.ActiveCfg = Release|x64
		{745659BA-6EA4-4B8E-96C5-D02D4A1EA2C3}.Release|x64.Build.0 = Release|x64
		{745659BA-6EA4-4B8E-96C5-D02D4A1EA2C3}.Release|x86.ActiveCfg = Release|Win32
		{745659BA-6EA4-4B8E-96C5-D02D4A1EA2C3}.Release|x86.Build.0 = Release|Win32
	EndGlobalSection
	GlobalSection(SolutionProperties) = preSolution
		HideSolutionNode = FALSE
	EndGlobalSection
	GlobalSection(ExtensibilityGlobals) = postSolution
		SolutionGuid = {605A6715-84AD-4751-BF04-0ACCE63517F4}
	EndGlobalSection
EndGlobal
